
Microsoft Visual Studio Solution File, Format Version 12.00
# Visual Studio Version 16
VisualStudioVersion = 16.0.30114.105
MinimumVisualStudioVersion = 10.0.40219.1
Project("{FAE04EC0-301F-11D3-BF4B-00C04F79EFBC}") = "Farkle", "Farkle.csproj", "{BD162DE7-2C97-480F-A1F1-E9A9E160075E}"
EndProject
Global
	GlobalSection(SolutionConfigurationPlatforms) = preSolution
		Debug|Any CPU = Debug|Any CPU
		Release|Any CPU = Release|Any CPU
	EndGlobalSection
	GlobalSection(ProjectConfigurationPlatforms) = postSolution
		{BD162DE7-2C97-480F-A1F1-E9A9E160075E}.Debug|Any CPU.ActiveCfg = Debug|Any CPU
		{BD162DE7-2C97-480F-A1F1-E9A9E160075E}.Debug|Any CPU.Build.0 = Debug|Any CPU
		{BD162DE7-2C97-480F-A1F1-E9A9E160075E}.Release|Any CPU.ActiveCfg = Release|Any CPU
		{BD162DE7-2C97-480F-A1F1-E9A9E160075E}.Release|Any CPU.Build.0 = Release|Any CPU
	EndGlobalSection
	GlobalSection(SolutionProperties) = preSolution
		HideSolutionNode = FALSE
	EndGlobalSection
	GlobalSection(ExtensibilityGlobals) = postSolution
		SolutionGuid = {AACB19C5-B7A6-4D46-B5D7-0F2E2CAE9144}
	EndGlobalSection
EndGlobal
